github.com/CaiJimmy/hugo-theme-stack/v3 v3.24.1 h1:YN28bQpnt4nNzoRxgjsFeNf8B0jwOIB6EAUbelidp/I=
github.com/CaiJimmy/hugo-theme-stack/v3 v3.24.1/go.mod h1:IPmCXiIxlFSLFYS0tOmYP6ySLviyeNVSabyvSuaxD+I=
github.com/martignoni/hugo-notice v0.0.0-20230418180851-cce7afd430d4 h1:OSXyp1wbpFw+WqGmo1aiTKmMzb9+UBrY3UA7jN9UEUo=
github.com/martignoni/hugo-notice v0.0.0-20230418180851-cce7afd430d4/go.mod h1:MIQPOMgEcbyRC0gNLzQFSgrS+wIy3RuQ/HbaZYtTOKU=
